
Microsoft Visual Studio Solution File, Format Version 12.00
# Visual Studio Version 16
VisualStudioVersion = 16.0.29613.14
MinimumVisualStudioVersion = 10.0.40219.1
Project("{9A19103F-16F7-4668-BE54-9A1E7A4F7556}") = "microservice.ddd.example.webapi", "microservice.ddd.example.webapi\microservice.ddd.example.webapi.csproj", "{C98FA82C-6E2E-4EE2-B48D-F258B5742B9E}"
EndProject
Project("{FAE04EC0-301F-11D3-BF4B-00C04F79EFBC}") = "microservice.ddd.example.application.service", "microservice.ddd.example.application.service\microservice.ddd.example.application.service.csproj", "{513EDD52-4E76-43CA-B53C-FF2B5A7978CA}"
EndProject
Global
	GlobalSection(SolutionConfigurationPlatforms) = preSolution
		Debug|Any CPU = Debug|Any CPU
		Release|Any CPU = Release|Any CPU
	EndGlobalSection
	GlobalSection(ProjectConfigurationPlatforms) = postSolution
		{C98FA82C-6E2E-4EE2-B48D-F258B5742B9E}.Debug|Any CPU.ActiveCfg = Debug|Any CPU
		{C98FA82C-6E2E-4EE2-B48D-F258B5742B9E}.Debug|Any CPU.Build.0 = Debug|Any CPU
		{C98FA82C-6E2E-4EE2-B48D-F258B5742B9E}.Release|Any CPU.ActiveCfg = Release|Any CPU
		{C98FA82C-6E2E-4EE2-B48D-F258B5742B9E}.Release|Any CPU.Build.0 = Release|Any CPU
		{513EDD52-4E76-43CA-B53C-FF2B5A7978CA}.Debug|Any CPU.ActiveCfg = Debug|Any CPU
		{513EDD52-4E76-43CA-B53C-FF2B5A7978CA}.Debug|Any CPU.Build.0 = Debug|Any CPU
		{513EDD52-4E76-43CA-B53C-FF2B5A7978CA}.Release|Any CPU.ActiveCfg = Release|Any CPU
		{513EDD52-4E76-43CA-B53C-FF2B5A7978CA}.Release|Any CPU.Build.0 = Release|Any CPU
	EndGlobalSection
	GlobalSection(SolutionProperties) = preSolution
		HideSolutionNode = FALSE
	EndGlobalSection
	GlobalSection(ExtensibilityGlobals) = postSolution
		SolutionGuid = {860AC3A2-1899-4914-938C-4F4417CA6EBA}
	EndGlobalSection
EndGlobal
